
Microsoft Visual Studio Solution File, Format Version 12.00
# Visual Studio 15
VisualStudioVersion = 15.0.27130.2036
MinimumVisualStudioVersion = 10.0.40219.1
Project("{2150E333-8FDC-42A3-9474-1A3956D46DE8}") = "Chapter1", "Chapter1", "{7142F61C-8790-4143-9BA0-A93CD92387FA}"
EndProject
Project("{FAE04EC0-301F-11D3-BF4B-00C04F79EFBC}") = "App1", "Chapter1\App1\App1.csproj", "{2981C74E-207F-4B5E-A7FC-C1C6F310E1CD}"
EndProject
Project("{2150E333-8FDC-42A3-9474-1A3956D46DE8}") = "Chapter2", "Chapter2", "{AA1A22F0-1897-4EEC-BAC4-A1DEAF4CC413}"
EndProject
Project("{FAE04EC0-301F-11D3-BF4B-00C04F79EFBC}") = "App1", "Chapter2\App1\App1.csproj", "{17BF30E1-DC2E-4D6A-923C-755E106EE3F5}"
EndProject
Project("{2150E333-8FDC-42A3-9474-1A3956D46DE8}") = "Chapter3", "Chapter3", "{B9509AFD-3D85-40E9-94D0-82544FBB105A}"
EndProject
Project("{FAE04EC0-301F-11D3-BF4B-00C04F79EFBC}") = "Controls1", "Chapter3\Controls1\Controls1.csproj", "{730B8B8A-B19D-4330-BBC2-4893C9411ADF}"
EndProject
Project("{FAE04EC0-301F-11D3-BF4B-00C04F79EFBC}") = "Controls2", "Chapter3\Controls2\Controls2.csproj", "{88FF3366-DCBA-4B89-B660-5C8A3599ACCD}"
EndProject
Project("{FAE04EC0-301F-11D3-BF4B-00C04F79EFBC}") = "Controls2a", "Chapter3\Controls2a\Controls2a.csproj", "{75102F43-8EBD-4854-934B-1733969189DC}"
EndProject
Project("{FAE04EC0-301F-11D3-BF4B-00C04F79EFBC}") = "Controls3a", "Chapter3\Controls3a\Controls3a.csproj", "{8489E820-3B02-4357-BCC1-EFC81F3D6C19}"
EndProject
Project("{FAE04EC0-301F-11D3-BF4B-00C04F79EFBC}") = "Controls3", "Chapter3\Controls3\Controls3.csproj", "{C1AC7943-9E49-4D48-BC76-B8DD1F1FC38C}"
EndProject
Project("{FAE04EC0-301F-11D3-BF4B-00C04F79EFBC}") = "Controls4", "Chapter3\Controls4\Controls4.csproj", "{335EB425-4CA9-4D27-80B8-A0FC1A5E6628}"
EndProject
Project("{FAE04EC0-301F-11D3-BF4B-00C04F79EFBC}") = "Controls5", "Chapter3\Controls5\Controls5.csproj", "{06EF2B16-5D70-4753-BA56-C658A4514052}"
EndProject
Project("{FAE04EC0-301F-11D3-BF4B-00C04F79EFBC}") = "Controls5a", "Chapter3\Controls5a\Controls5a.csproj", "{2DED32FA-9777-438E-AA88-F4202F6C7ED3}"
EndProject
Project("{FAE04EC0-301F-11D3-BF4B-00C04F79EFBC}") = "Controls5b", "Chapter3\Controls5b\Controls5b.csproj", "{17BD21BA-B3A6-4B26-BB09-407352A374CA}"
EndProject
Project("{FAE04EC0-301F-11D3-BF4B-00C04F79EFBC}") = "Controls6", "Chapter3\Controls6\Controls6.csproj", "{379ECBAF-96D7-4719-8160-2F506EE27AAE}"
EndProject
Project("{FAE04EC0-301F-11D3-BF4B-00C04F79EFBC}") = "Controls6a", "Chapter3\Controls6a\Controls6a.csproj", "{102111AE-73D0-4BD3-AF6B-84063B8C89A1}"
EndProject
Project("{FAE04EC0-301F-11D3-BF4B-00C04F79EFBC}") = "Controls7", "Chapter3\Controls7\Controls7.csproj", "{920085AF-0E5B-4BEC-8257-15E6708EB2FA}"
EndProject
Project("{FAE04EC0-301F-11D3-BF4B-00C04F79EFBC}") = "Controls8", "Chapter3\Controls8\Controls8.csproj", "{8A8238DF-4B57-4C79-936F-C61B898FB494}"
EndProject
Project("{FAE04EC0-301F-11D3-BF4B-00C04F79EFBC}") = "Controls8a", "Chapter3\Controls8a\Controls8a.csproj", "{FCADAFEB-5E74-40CB-B75B-022A4A521A67}"
EndProject
Project("{FAE04EC0-301F-11D3-BF4B-00C04F79EFBC}") = "Controls9", "Chapter3\Controls9\Controls9.csproj", "{33BC6B4C-25A1-4ECE-8FEA-3104A74D2415}"
EndProject
Project("{FAE04EC0-301F-11D3-BF4B-00C04F79EFBC}") = "Controls10", "Chapter3\Controls10\Controls10.csproj", "{4D3E7088-C010-4BCB-B036-39EAB17E8D39}"
EndProject
Project("{FAE04EC0-301F-11D3-BF4B-00C04F79EFBC}") = "Controls11", "Chapter3\Controls11\Controls11.csproj", "{66149265-F6DC-4972-961C-630273735B19}"
EndProject
Project("{FAE04EC0-301F-11D3-BF4B-00C04F79EFBC}") = "Controls12", "Chapter3\Controls12\Controls12.csproj", "{CE3565DA-CCEE-4CEE-9187-BEC4FA2E1A38}"
EndProject
Project("{FAE04EC0-301F-11D3-BF4B-00C04F79EFBC}") = "Controls13", "Chapter3\Controls13\Controls13.csproj", "{744B4F13-DBC1-4C1C-9A6D-A99D3EE07FFF}"
EndProject
Project("{FAE04EC0-301F-11D3-BF4B-00C04F79EFBC}") = "Controls14", "Chapter3\Controls14\Controls14.csproj", "{B9BD10E1-80DF-4B2F-AF39-19265D81ECF9}"
EndProject
Project("{2150E333-8FDC-42A3-9474-1A3956D46DE8}") = "Chapter4", "Chapter4", "{F3300A03-92A9-4BB0-A67E-717B2CB231F6}"
EndProject
Project("{FAE04EC0-301F-11D3-BF4B-00C04F79EFBC}") = "Binding1", "Chapter4\Binding1\Binding1.csproj", "{8C412540-386A-4A61-ADB5-6E4AAC918601}"
EndProject
Project("{FAE04EC0-301F-11D3-BF4B-00C04F79EFBC}") = "Binding2", "Chapter4\Binding2\Binding2.csproj", "{FE6357FD-0244-4A27-AAED-04D346E26329}"
EndProject
Project("{FAE04EC0-301F-11D3-BF4B-00C04F79EFBC}") = "Binding3", "Chapter4\Binding3\Binding3.csproj", "{C6DEDDF0-0BA2-404C-BF50-84823832C6AA}"
EndProject
Project("{FAE04EC0-301F-11D3-BF4B-00C04F79EFBC}") = "Binding4", "Chapter4\Binding4\Binding4.csproj", "{29928381-4294-4721-9D0D-014460BBE9E2}"
EndProject
Project("{FAE04EC0-301F-11D3-BF4B-00C04F79EFBC}") = "Binding5", "Chapter4\Binding5\Binding5.csproj", "{B99D1F57-845B-4A2A-827F-669E0490BE9B}"
EndProject
Project("{2150E333-8FDC-42A3-9474-1A3956D46DE8}") = "Chapter5", "Chapter5", "{0BA6900C-89F7-43DF-AE99-CEE75F93BD50}"
EndProject
Global
	GlobalSection(SolutionConfigurationPlatforms) = preSolution
		Debug|ARM = Debug|ARM
		Debug|x64 = Debug|x64
		Debug|x86 = Debug|x86
		Release|ARM = Release|ARM
		Release|x64 = Release|x64
		Release|x86 = Release|x86
	EndGlobalSection
	GlobalSection(ProjectConfigurationPlatforms) = postSolution
		{2981C74E-207F-4B5E-A7FC-C1C6F310E1CD}.Debug|ARM.ActiveCfg = Debug|ARM
		{2981C74E-207F-4B5E-A7FC-C1C6F310E1CD}.Debug|ARM.Build.0 = Debug|ARM
		{2981C74E-207F-4B5E-A7FC-C1C6F310E1CD}.Debug|ARM.Deploy.0 = Debug|ARM
		{2981C74E-207F-4B5E-A7FC-C1C6F310E1CD}.Debug|x64.ActiveCfg = Debug|x64
		{2981C74E-207F-4B5E-A7FC-C1C6F310E1CD}.Debug|x64.Build.0 = Debug|x64
		{2981C74E-207F-4B5E-A7FC-C1C6F310E1CD}.Debug|x64.Deploy.0 = Debug|x64
		{2981C74E-207F-4B5E-A7FC-C1C6F310E1CD}.Debug|x86.ActiveCfg = Debug|x86
		{2981C74E-207F-4B5E-A7FC-C1C6F310E1CD}.Debug|x86.Build.0 = Debug|x86
		{2981C74E-207F-4B5E-A7FC-C1C6F310E1CD}.Debug|x86.Deploy.0 = Debug|x86
		{2981C74E-207F-4B5E-A7FC-C1C6F310E1CD}.Release|ARM.ActiveCfg = Release|ARM
		{2981C74E-207F-4B5E-A7FC-C1C6F310E1CD}.Release|ARM.Build.0 = Release|ARM
		{2981C74E-207F-4B5E-A7FC-C1C6F310E1CD}.Release|ARM.Deploy.0 = Release|ARM
		{2981C74E-207F-4B5E-A7FC-C1C6F310E1CD}.Release|x64.ActiveCfg = Release|x64
		{2981C74E-207F-4B5E-A7FC-C1C6F310E1CD}.Release|x64.Build.0 = Release|x64
		{2981C74E-207F-4B5E-A7FC-C1C6F310E1CD}.Release|x64.Deploy.0 = Release|x64
		{2981C74E-207F-4B5E-A7FC-C1C6F310E1CD}.Release|x86.ActiveCfg = Release|x86
		{2981C74E-207F-4B5E-A7FC-C1C6F310E1CD}.Release|x86.Build.0 = Release|x86
		{2981C74E-207F-4B5E-A7FC-C1C6F310E1CD}.Release|x86.Deploy.0 = Release|x86
		{17BF30E1-DC2E-4D6A-923C-755E106EE3F5}.Debug|ARM.ActiveCfg = Debug|ARM
		{17BF30E1-DC2E-4D6A-923C-755E106EE3F5}.Debug|ARM.Build.0 = Debug|ARM
		{17BF30E1-DC2E-4D6A-923C-755E106EE3F5}.Debug|ARM.Deploy.0 = Debug|ARM
		{17BF30E1-DC2E-4D6A-923C-755E106EE3F5}.Debug|x64.ActiveCfg = Debug|x64
		{17BF30E1-DC2E-4D6A-923C-755E106EE3F5}.Debug|x64.Build.0 = Debug|x64
		{17BF30E1-DC2E-4D6A-923C-755E106EE3F5}.Debug|x64.Deploy.0 = Debug|x64
		{17BF30E1-DC2E-4D6A-923C-755E106EE3F5}.Debug|x86.ActiveCfg = Debug|x86
		{17BF30E1-DC2E-4D6A-923C-755E106EE3F5}.Debug|x86.Build.0 = Debug|x86
		{17BF30E1-DC2E-4D6A-923C-755E106EE3F5}.Debug|x86.Deploy.0 = Debug|x86
		{17BF30E1-DC2E-4D6A-923C-755E106EE3F5}.Release|ARM.ActiveCfg = Release|ARM
		{17BF30E1-DC2E-4D6A-923C-755E106EE3F5}.Release|ARM.Build.0 = Release|ARM
		{17BF30E1-DC2E-4D6A-923C-755E106EE3F5}.Release|ARM.Deploy.0 = Release|ARM
		{17BF30E1-DC2E-4D6A-923C-755E106EE3F5}.Release|x64.ActiveCfg = Release|x64
		{17BF30E1-DC2E-4D6A-923C-755E106EE3F5}.Release|x64.Build.0 = Release|x64
		{17BF30E1-DC2E-4D6A-923C-755E106EE3F5}.Release|x64.Deploy.0 = Release|x64
		{17BF30E1-DC2E-4D6A-923C-755E106EE3F5}.Release|x86.ActiveCfg = Release|x86
		{17BF30E1-DC2E-4D6A-923C-755E106EE3F5}.Release|x86.Build.0 = Release|x86
		{17BF30E1-DC2E-4D6A-923C-755E106EE3F5}.Release|x86.Deploy.0 = Release|x86
		{730B8B8A-B19D-4330-BBC2-4893C9411ADF}.Debug|ARM.ActiveCfg = Debug|ARM
		{730B8B8A-B19D-4330-BBC2-4893C9411ADF}.Debug|ARM.Build.0 = Debug|ARM
		{730B8B8A-B19D-4330-BBC2-4893C9411ADF}.Debug|ARM.Deploy.0 = Debug|ARM
		{730B8B8A-B19D-4330-BBC2-4893C9411ADF}.Debug|x64.ActiveCfg = Debug|x64
		{730B8B8A-B19D-4330-BBC2-4893C9411ADF}.Debug|x64.Build.0 = Debug|x64
		{730B8B8A-B19D-4330-BBC2-4893C9411ADF}.Debug|x64.Deploy.0 = Debug|x64
		{730B8B8A-B19D-4330-BBC2-4893C9411ADF}.Debug|x86.ActiveCfg = Debug|x86
		{730B8B8A-B19D-4330-BBC2-4893C9411ADF}.Debug|x86.Build.0 = Debug|x86
		{730B8B8A-B19D-4330-BBC2-4893C9411ADF}.Debug|x86.Deploy.0 = Debug|x86
		{730B8B8A-B19D-4330-BBC2-4893C9411ADF}.Release|ARM.ActiveCfg = Release|ARM
		{730B8B8A-B19D-4330-BBC2-4893C9411ADF}.Release|ARM.Build.0 = Release|ARM
		{730B8B8A-B19D-4330-BBC2-4893C9411ADF}.Release|ARM.Deploy.0 = Release|ARM
		{730B8B8A-B19D-4330-BBC2-4893C9411ADF}.Release|x64.ActiveCfg = Release|x64
		{730B8B8A-B19D-4330-BBC2-4893C9411ADF}.Release|x64.Build.0 = Release|x64
		{730B8B8A-B19D-4330-BBC2-4893C9411ADF}.Release|x64.Deploy.0 = Release|x64
		{730B8B8A-B19D-4330-BBC2-4893C9411ADF}.Release|x86.ActiveCfg = Release|x86
		{730B8B8A-B19D-4330-BBC2-4893C9411ADF}.Release|x86.Build.0 = Release|x86
		{730B8B8A-B19D-4330-BBC2-4893C9411ADF}.Release|x86.Deploy.0 = Release|x86
		{88FF3366-DCBA-4B89-B660-5C8A3599ACCD}.Debug|ARM.ActiveCfg = Debug|ARM
		{88FF3366-DCBA-4B89-B660-5C8A3599ACCD}.Debug|ARM.Build.0 = Debug|ARM
		{88FF3366-DCBA-4B89-B660-5C8A3599ACCD}.Debug|ARM.Deploy.0 = Debug|ARM
		{88FF3366-DCBA-4B89-B660-5C8A3599ACCD}.Debug|x64.ActiveCfg = Debug|x64
		{88FF3366-DCBA-4B89-B660-5C8A3599ACCD}.Debug|x64.Build.0 = Debug|x64
		{88FF3366-DCBA-4B89-B660-5C8A3599ACCD}.Debug|x64.Deploy.0 = Debug|x64
		{88FF3366-DCBA-4B89-B660-5C8A3599ACCD}.Debug|x86.ActiveCfg = Debug|x86
		{88FF3366-DCBA-4B89-B660-5C8A3599ACCD}.Debug|x86.Build.0 = Debug|x86
		{88FF3366-DCBA-4B89-B660-5C8A3599ACCD}.Debug|x86.Deploy.0 = Debug|x86
		{88FF3366-DCBA-4B89-B660-5C8A3599ACCD}.Release|ARM.ActiveCfg = Release|ARM
		{88FF3366-DCBA-4B89-B660-5C8A3599ACCD}.Release|ARM.Build.0 = Release|ARM
		{88FF3366-DCBA-4B89-B660-5C8A3599ACCD}.Release|ARM.Deploy.0 = Release|ARM
		{88FF3366-DCBA-4B89-B660-5C8A3599ACCD}.Release|x64.ActiveCfg = Release|x64
		{88FF3366-DCBA-4B89-B660-5C8A3599ACCD}.Release|x64.Build.0 = Release|x64
		{88FF3366-DCBA-4B89-B660-5C8A3599ACCD}.Release|x64.Deploy.0 = Release|x64
		{88FF3366-DCBA-4B89-B660-5C8A3599ACCD}.Release|x86.ActiveCfg = Release|x86
		{88FF3366-DCBA-4B89-B660-5C8A3599ACCD}.Release|x86.Build.0 = Release|x86
		{88FF3366-DCBA-4B89-B660-5C8A3599ACCD}.Release|x86.Deploy.0 = Release|x86
		{75102F43-8EBD-4854-934B-1733969189DC}.Debug|ARM.ActiveCfg = Debug|ARM
		{75102F43-8EBD-4854-934B-1733969189DC}.Debug|ARM.Build.0 = Debug|ARM
		{75102F43-8EBD-4854-934B-1733969189DC}.Debug|ARM.Deploy.0 = Debug|ARM
		{75102F43-8EBD-4854-934B-1733969189DC}.Debug|x64.ActiveCfg = Debug|x64
		{75102F43-8EBD-4854-934B-1733969189DC}.Debug|x64.Build.0 = Debug|x64
		{75102F43-8EBD-4854-934B-1733969189DC}.Debug|x64.Deploy.0 = Debug|x64
		{75102F43-8EBD-4854-934B-1733969189DC}.Debug|x86.ActiveCfg = Debug|x86
		{75102F43-8EBD-4854-934B-1733969189DC}.Debug|x86.Build.0 = Debug|x86
		{75102F43-8EBD-4854-934B-1733969189DC}.Debug|x86.Deploy.0 = Debug|x86
		{75102F43-8EBD-4854-934B-1733969189DC}.Release|ARM.ActiveCfg = Release|ARM
		{75102F43-8EBD-4854-934B-1733969189DC}.Release|ARM.Build.0 = Release|ARM
		{75102F43-8EBD-4854-934B-1733969189DC}.Release|ARM.Deploy.0 = Release|ARM
		{75102F43-8EBD-4854-934B-1733969189DC}.Release|x64.ActiveCfg = Release|x64
		{75102F43-8EBD-4854-934B-1733969189DC}.Release|x64.Build.0 = Release|x64
		{75102F43-8EBD-4854-934B-1733969189DC}.Release|x64.Deploy.0 = Release|x64
		{75102F43-8EBD-4854-934B-1733969189DC}.Release|x86.ActiveCfg = Release|x86
		{75102F43-8EBD-4854-934B-1733969189DC}.Release|x86.Build.0 = Release|x86
		{75102F43-8EBD-4854-934B-1733969189DC}.Release|x86.Deploy.0 = Release|x86
		{8489E820-3B02-4357-BCC1-EFC81F3D6C19}.Debug|ARM.ActiveCfg = Debug|ARM
		{8489E820-3B02-4357-BCC1-EFC81F3D6C19}.Debug|ARM.Build.0 = Debug|ARM
		{8489E820-3B02-4357-BCC1-EFC81F3D6C19}.Debug|ARM.Deploy.0 = Debug|ARM
		{8489E820-3B02-4357-BCC1-EFC81F3D6C19}.Debug|x64.ActiveCfg = Debug|x64
		{8489E820-3B02-4357-BCC1-EFC81F3D6C19}.Debug|x64.Build.0 = Debug|x64
		{8489E820-3B02-4357-BCC1-EFC81F3D6C19}.Debug|x64.Deploy.0 = Debug|x64
		{8489E820-3B02-4357-BCC1-EFC81F3D6C19}.Debug|x86.ActiveCfg = Debug|x86
		{8489E820-3B02-4357-BCC1-EFC81F3D6C19}.Debug|x86.Build.0 = Debug|x86
		{8489E820-3B02-4357-BCC1-EFC81F3D6C19}.Debug|x86.Deploy.0 = Debug|x86
		{8489E820-3B02-4357-BCC1-EFC81F3D6C19}.Release|ARM.ActiveCfg = Release|ARM
		{8489E820-3B02-4357-BCC1-EFC81F3D6C19}.Release|ARM.Build.0 = Release|ARM
		{8489E820-3B02-4357-BCC1-EFC81F3D6C19}.Release|ARM.Deploy.0 = Release|ARM
		{8489E820-3B02-4357-BCC1-EFC81F3D6C19}.Release|x64.ActiveCfg = Release|x64
		{8489E820-3B02-4357-BCC1-EFC81F3D6C19}.Release|x64.Build.0 = Release|x64
		{8489E820-3B02-4357-BCC1-EFC81F3D6C19}.Release|x64.Deploy.0 = Release|x64
		{8489E820-3B02-4357-BCC1-EFC81F3D6C19}.Release|x86.ActiveCfg = Release|x86
		{8489E820-3B02-4357-BCC1-EFC81F3D6C19}.Release|x86.Build.0 = Release|x86
		{8489E820-3B02-4357-BCC1-EFC81F3D6C19}.Release|x86.Deploy.0 = Release|x86
		{C1AC7943-9E49-4D48-BC76-B8DD1F1FC38C}.Debug|ARM.ActiveCfg = Debug|ARM
		{C1AC7943-9E49-4D48-BC76-B8DD1F1FC38C}.Debug|ARM.Build.0 = Debug|ARM
		{C1AC7943-9E49-4D48-BC76-B8DD1F1FC38C}.Debug|ARM.Deploy.0 = Debug|ARM
		{C1AC7943-9E49-4D48-BC76-B8DD1F1FC38C}.Debug|x64.ActiveCfg = Debug|x64
		{C1AC7943-9E49-4D48-BC76-B8DD1F1FC38C}.Debug|x64.Build.0 = Debug|x64
		{C1AC7943-9E49-4D48-BC76-B8DD1F1FC38C}.Debug|x64.Deploy.0 = Debug|x64
		{C1AC7943-9E49-4D48-BC76-B8DD1F1FC38C}.Debug|x86.ActiveCfg = Debug|x86
		{C1AC7943-9E49-4D48-BC76-B8DD1F1FC38C}.Debug|x86.Build.0 = Debug|x86
		{C1AC7943-9E49-4D48-BC76-B8DD1F1FC38C}.Debug|x86.Deploy.0 = Debug|x86
		{C1AC7943-9E49-4D48-BC76-B8DD1F1FC38C}.Release|ARM.ActiveCfg = Release|ARM
		{C1AC7943-9E49-4D48-BC76-B8DD1F1FC38C}.Release|ARM.Build.0 = Release|ARM
		{C1AC7943-9E49-4D48-BC76-B8DD1F1FC38C}.Release|ARM.Deploy.0 = Release|ARM
		{C1AC7943-9E49-4D48-BC76-B8DD1F1FC38C}.Release|x64.ActiveCfg = Release|x64
		{C1AC7943-9E49-4D48-BC76-B8DD1F1FC38C}.Release|x64.Build.0 = Release|x64
		{C1AC7943-9E49-4D48-BC76-B8DD1F1FC38C}.Release|x64.Deploy.0 = Release|x64
		{C1AC7943-9E49-4D48-BC76-B8DD1F1FC38C}.Release|x86.ActiveCfg = Release|x86
		{C1AC7943-9E49-4D48-BC76-B8DD1F1FC38C}.Release|x86.Build.0 = Release|x86
		{C1AC7943-9E49-4D48-BC76-B8DD1F1FC38C}.Release|x86.Deploy.0 = Release|x86
		{335EB425-4CA9-4D27-80B8-A0FC1A5E6628}.Debug|ARM.ActiveCfg = Debug|ARM
		{335EB425-4CA9-4D27-80B8-A0FC1A5E6628}.Debug|ARM.Build.0 = Debug|ARM
		{335EB425-4CA9-4D27-80B8-A0FC1A5E6628}.Debug|ARM.Deploy.0 = Debug|ARM
		{335EB425-4CA9-4D27-80B8-A0FC1A5E6628}.Debug|x64.ActiveCfg = Debug|x64
		{335EB425-4CA9-4D27-80B8-A0FC1A5E6628}.Debug|x64.Build.0 = Debug|x64
		{335EB425-4CA9-4D27-80B8-A0FC1A5E6628}.Debug|x64.Deploy.0 = Debug|x64
		{335EB425-4CA9-4D27-80B8-A0FC1A5E6628}.Debug|x86.ActiveCfg = Debug|x86
		{335EB425-4CA9-4D27-80B8-A0FC1A5E6628}.Debug|x86.Build.0 = Debug|x86
		{335EB425-4CA9-4D27-80B8-A0FC1A5E6628}.Debug|x86.Deploy.0 = Debug|x86
		{335EB425-4CA9-4D27-80B8-A0FC1A5E6628}.Release|ARM.ActiveCfg = Release|ARM
		{335EB425-4CA9-4D27-80B8-A0FC1A5E6628}.Release|ARM.Build.0 = Release|ARM
		{335EB425-4CA9-4D27-80B8-A0FC1A5E6628}.Release|ARM.Deploy.0 = Release|ARM
		{335EB425-4CA9-4D27-80B8-A0FC1A5E6628}.Release|x64.ActiveCfg = Release|x64
		{335EB425-4CA9-4D27-80B8-A0FC1A5E6628}.Release|x64.Build.0 = Release|x64
		{335EB425-4CA9-4D27-80B8-A0FC1A5E6628}.Release|x64.Deploy.0 = Release|x64
		{335EB425-4CA9-4D27-80B8-A0FC1A5E6628}.Release|x86.ActiveCfg = Release|x86
		{335EB425-4CA9-4D27-80B8-A0FC1A5E6628}.Release|x86.Build.0 = Release|x86
		{335EB425-4CA9-4D27-80B8-A0FC1A5E6628}.Release|x86.Deploy.0 = Release|x86
		{06EF2B16-5D70-4753-BA56-C658A4514052}.Debug|ARM.ActiveCfg = Debug|ARM
		{06EF2B16-5D70-4753-BA56-C658A4514052}.Debug|ARM.Build.0 = Debug|ARM
		{06EF2B16-5D70-4753-BA56-C658A4514052}.Debug|ARM.Deploy.0 = Debug|ARM
		{06EF2B16-5D70-4753-BA56-C658A4514052}.Debug|x64.ActiveCfg = Debug|x64
		{06EF2B16-5D70-4753-BA56-C658A4514052}.Debug|x64.Build.0 = Debug|x64
		{06EF2B16-5D70-4753-BA56-C658A4514052}.Debug|x64.Deploy.0 = Debug|x64
		{06EF2B16-5D70-4753-BA56-C658A4514052}.Debug|x86.ActiveCfg = Debug|x86
		{06EF2B16-5D70-4753-BA56-C658A4514052}.Debug|x86.Build.0 = Debug|x86
		{06EF2B16-5D70-4753-BA56-C658A4514052}.Debug|x86.Deploy.0 = Debug|x86
		{06EF2B16-5D70-4753-BA56-C658A4514052}.Release|ARM.ActiveCfg = Release|ARM
		{06EF2B16-5D70-4753-BA56-C658A4514052}.Release|ARM.Build.0 = Release|ARM
		{06EF2B16-5D70-4753-BA56-C658A4514052}.Release|ARM.Deploy.0 = Release|ARM
		{06EF2B16-5D70-4753-BA56-C658A4514052}.Release|x64.ActiveCfg = Release|x64
		{06EF2B16-5D70-4753-BA56-C658A4514052}.Release|x64.Build.0 = Release|x64
		{06EF2B16-5D70-4753-BA56-C658A4514052}.Release|x64.Deploy.0 = Release|x64
		{06EF2B16-5D70-4753-BA56-C658A4514052}.Release|x86.ActiveCfg = Release|x86
		{06EF2B16-5D70-4753-BA56-C658A4514052}.Release|x86.Build.0 = Release|x86
		{06EF2B16-5D70-4753-BA56-C658A4514052}.Release|x86.Deploy.0 = Release|x86
		{2DED32FA-9777-438E-AA88-F4202F6C7ED3}.Debug|ARM.ActiveCfg = Debug|ARM
		{2DED32FA-9777-438E-AA88-F4202F6C7ED3}.Debug|ARM.Build.0 = Debug|ARM
		{2DED32FA-9777-438E-AA88-F4202F6C7ED3}.Debug|ARM.Deploy.0 = Debug|ARM
		{2DED32FA-9777-438E-AA88-F4202F6C7ED3}.Debug|x64.ActiveCfg = Debug|x64
		{2DED32FA-9777-438E-AA88-F4202F6C7ED3}.Debug|x64.Build.0 = Debug|x64
		{2DED32FA-9777-438E-AA88-F4202F6C7ED3}.Debug|x64.Deploy.0 = Debug|x64
		{2DED32FA-9777-438E-AA88-F4202F6C7ED3}.Debug|x86.ActiveCfg = Debug|x86
		{2DED32FA-9777-438E-AA88-F4202F6C7ED3}.Debug|x86.Build.0 = Debug|x86
		{2DED32FA-9777-438E-AA88-F4202F6C7ED3}.Debug|x86.Deploy.0 = Debug|x86
		{2DED32FA-9777-438E-AA88-F4202F6C7ED3}.Release|ARM.ActiveCfg = Release|ARM
		{2DED32FA-9777-438E-AA88-F4202F6C7ED3}.Release|ARM.Build.0 = Release|ARM
		{2DED32FA-9777-438E-AA88-F4202F6C7ED3}.Release|ARM.Deploy.0 = Release|ARM
		{2DED32FA-9777-438E-AA88-F4202F6C7ED3}.Release|x64.ActiveCfg = Release|x64
		{2DED32FA-9777-438E-AA88-F4202F6C7ED3}.Release|x64.Build.0 = Release|x64
		{2DED32FA-9777-438E-AA88-F4202F6C7ED3}.Release|x64.Deploy.0 = Release|x64
		{2DED32FA-9777-438E-AA88-F4202F6C7ED3}.Release|x86.ActiveCfg = Release|x86
		{2DED32FA-9777-438E-AA88-F4202F6C7ED3}.Release|x86.Build.0 = Release|x86
		{2DED32FA-9777-438E-AA88-F4202F6C7ED3}.Release|x86.Deploy.0 = Release|x86
		{17BD21BA-B3A6-4B26-BB09-407352A374CA}.Debug|ARM.ActiveCfg = Debug|ARM
		{17BD21BA-B3A6-4B26-BB09-407352A374CA}.Debug|ARM.Build.0 = Debug|ARM
		{17BD21BA-B3A6-4B26-BB09-407352A374CA}.Debug|ARM.Deploy.0 = Debug|ARM
		{17BD21BA-B3A6-4B26-BB09-407352A374CA}.Debug|x64.ActiveCfg = Debug|x64
		{17BD21BA-B3A6-4B26-BB09-407352A374CA}.Debug|x64.Build.0 = Debug|x64
		{17BD21BA-B3A6-4B26-BB09-407352A374CA}.Debug|x64.Deploy.0 = Debug|x64
		{17BD21BA-B3A6-4B26-BB09-407352A374CA}.Debug|x86.ActiveCfg = Debug|x86
		{17BD21BA-B3A6-4B26-BB09-407352A374CA}.Debug|x86.Build.0 = Debug|x86
		{17BD21BA-B3A6-4B26-BB09-407352A374CA}.Debug|x86.Deploy.0 = Debug|x86
		{17BD21BA-B3A6-4B26-BB09-407352A374CA}.Release|ARM.ActiveCfg = Release|ARM
		{17BD21BA-B3A6-4B26-BB09-407352A374CA}.Release|ARM.Build.0 = Release|ARM
		{17BD21BA-B3A6-4B26-BB09-407352A374CA}.Release|ARM.Deploy.0 = Release|ARM
		{17BD21BA-B3A6-4B26-BB09-407352A374CA}.Release|x64.ActiveCfg = Release|x64
		{17BD21BA-B3A6-4B26-BB09-407352A374CA}.Release|x64.Build.0 = Release|x64
		{17BD21BA-B3A6-4B26-BB09-407352A374CA}.Release|x64.Deploy.0 = Release|x64
		{17BD21BA-B3A6-4B26-BB09-407352A374CA}.Release|x86.ActiveCfg = Release|x86
		{17BD21BA-B3A6-4B26-BB09-407352A374CA}.Release|x86.Build.0 = Release|x86
		{17BD21BA-B3A6-4B26-BB09-407352A374CA}.Release|x86.Deploy.0 = Release|x86
		{379ECBAF-96D7-4719-8160-2F506EE27AAE}.Debug|ARM.ActiveCfg = Debug|ARM
		{379ECBAF-96D7-4719-8160-2F506EE27AAE}.Debug|ARM.Build.0 = Debug|ARM
		{379ECBAF-96D7-4719-8160-2F506EE27AAE}.Debug|ARM.Deploy.0 = Debug|ARM
		{379ECBAF-96D7-4719-8160-2F506EE27AAE}.Debug|x64.ActiveCfg = Debug|x64
		{379ECBAF-96D7-4719-8160-2F506EE27AAE}.Debug|x64.Build.0 = Debug|x64
		{379ECBAF-96D7-4719-8160-2F506EE27AAE}.Debug|x64.Deploy.0 = Debug|x64
		{379ECBAF-96D7-4719-8160-2F506EE27AAE}.Debug|x86.ActiveCfg = Debug|x86
		{379ECBAF-96D7-4719-8160-2F506EE27AAE}.Debug|x86.Build.0 = Debug|x86
		{379ECBAF-96D7-4719-8160-2F506EE27AAE}.Debug|x86.Deploy.0 = Debug|x86
		{379ECBAF-96D7-4719-8160-2F506EE27AAE}.Release|ARM.ActiveCfg = Release|ARM
		{379ECBAF-96D7-4719-8160-2F506EE27AAE}.Release|ARM.Build.0 = Release|ARM
		{379ECBAF-96D7-4719-8160-2F506EE27AAE}.Release|ARM.Deploy.0 = Release|ARM
		{379ECBAF-96D7-4719-8160-2F506EE27AAE}.Release|x64.ActiveCfg = Release|x64
		{379ECBAF-96D7-4719-8160-2F506EE27AAE}.Release|x64.Build.0 = Release|x64
		{379ECBAF-96D7-4719-8160-2F506EE27AAE}.Release|x64.Deploy.0 = Release|x64
		{379ECBAF-96D7-4719-8160-2F506EE27AAE}.Release|x86.ActiveCfg = Release|x86
		{379ECBAF-96D7-4719-8160-2F506EE27AAE}.Release|x86.Build.0 = Release|x86
		{379ECBAF-96D7-4719-8160-2F506EE27AAE}.Release|x86.Deploy.0 = Release|x86
		{102111AE-73D0-4BD3-AF6B-84063B8C89A1}.Debug|ARM.ActiveCfg = Debug|ARM
		{102111AE-73D0-4BD3-AF6B-84063B8C89A1}.Debug|ARM.Build.0 = Debug|ARM
		{102111AE-73D0-4BD3-AF6B-84063B8C89A1}.Debug|ARM.Deploy.0 = Debug|ARM
		{102111AE-73D0-4BD3-AF6B-84063B8C89A1}.Debug|x64.ActiveCfg = Debug|x64
		{102111AE-73D0-4BD3-AF6B-84063B8C89A1}.Debug|x64.Build.0 = Debug|x64
		{102111AE-73D0-4BD3-AF6B-84063B8C89A1}.Debug|x64.Deploy.0 = Debug|x64
		{102111AE-73D0-4BD3-AF6B-84063B8C89A1}.Debug|x86.ActiveCfg = Debug|x86
		{102111AE-73D0-4BD3-AF6B-84063B8C89A1}.Debug|x86.Build.0 = Debug|x86
		{102111AE-73D0-4BD3-AF6B-84063B8C89A1}.Debug|x86.Deploy.0 = Debug|x86
		{102111AE-73D0-4BD3-AF6B-84063B8C89A1}.Release|ARM.ActiveCfg = Release|ARM
		{102111AE-73D0-4BD3-AF6B-84063B8C89A1}.Release|ARM.Build.0 = Release|ARM
		{102111AE-73D0-4BD3-AF6B-84063B8C89A1}.Release|ARM.Deploy.0 = Release|ARM
		{102111AE-73D0-4BD3-AF6B-84063B8C89A1}.Release|x64.ActiveCfg = Release|x64
		{102111AE-73D0-4BD3-AF6B-84063B8C89A1}.Release|x64.Build.0 = Release|x64
		{102111AE-73D0-4BD3-AF6B-84063B8C89A1}.Release|x64.Deploy.0 = Release|x64
		{102111AE-73D0-4BD3-AF6B-84063B8C89A1}.Release|x86.ActiveCfg = Release|x86
		{102111AE-73D0-4BD3-AF6B-84063B8C89A1}.Release|x86.Build.0 = Release|x86
		{102111AE-73D0-4BD3-AF6B-84063B8C89A1}.Release|x86.Deploy.0 = Release|x86
		{920085AF-0E5B-4BEC-8257-15E6708EB2FA}.Debug|ARM.ActiveCfg = Debug|ARM
		{920085AF-0E5B-4BEC-8257-15E6708EB2FA}.Debug|ARM.Build.0 = Debug|ARM
		{920085AF-0E5B-4BEC-8257-15E6708EB2FA}.Debug|ARM.Deploy.0 = Debug|ARM
		{920085AF-0E5B-4BEC-8257-15E6708EB2FA}.Debug|x64.ActiveCfg = Debug|x64
		{920085AF-0E5B-4BEC-8257-15E6708EB2FA}.Debug|x64.Build.0 = Debug|x64
		{920085AF-0E5B-4BEC-8257-15E6708EB2FA}.Debug|x64.Deploy.0 = Debug|x64
		{920085AF-0E5B-4BEC-8257-15E6708EB2FA}.Debug|x86.ActiveCfg = Debug|x86
		{920085AF-0E5B-4BEC-8257-15E6708EB2FA}.Debug|x86.Build.0 = Debug|x86
		{920085AF-0E5B-4BEC-8257-15E6708EB2FA}.Debug|x86.Deploy.0 = Debug|x86
		{920085AF-0E5B-4BEC-8257-15E6708EB2FA}.Release|ARM.ActiveCfg = Release|ARM
		{920085AF-0E5B-4BEC-8257-15E6708EB2FA}.Release|ARM.Build.0 = Release|ARM
		{920085AF-0E5B-4BEC-8257-15E6708EB2FA}.Release|ARM.Deploy.0 = Release|ARM
		{920085AF-0E5B-4BEC-8257-15E6708EB2FA}.Release|x64.ActiveCfg = Release|x64
		{920085AF-0E5B-4BEC-8257-15E6708EB2FA}.Release|x64.Build.0 = Release|x64
		{920085AF-0E5B-4BEC-8257-15E6708EB2FA}.Release|x64.Deploy.0 = Release|x64
		{920085AF-0E5B-4BEC-8257-15E6708EB2FA}.Release|x86.ActiveCfg = Release|x86
		{920085AF-0E5B-4BEC-8257-15E6708EB2FA}.Release|x86.Build.0 = Release|x86
		{920085AF-0E5B-4BEC-8257-15E6708EB2FA}.Release|x86.Deploy.0 = Release|x86
		{8A8238DF-4B57-4C79-936F-C61B898FB494}.Debug|ARM.ActiveCfg = Debug|ARM
		{8A8238DF-4B57-4C79-936F-C61B898FB494}.Debug|ARM.Build.0 = Debug|ARM
		{8A8238DF-4B57-4C79-936F-C61B898FB494}.Debug|ARM.Deploy.0 = Debug|ARM
		{8A8238DF-4B57-4C79-936F-C61B898FB494}.Debug|x64.ActiveCfg = Debug|x64
		{8A8238DF-4B57-4C79-936F-C61B898FB494}.Debug|x64.Build.0 = Debug|x64
		{8A8238DF-4B57-4C79-936F-C61B898FB494}.Debug|x64.Deploy.0 = Debug|x64
		{8A8238DF-4B57-4C79-936F-C61B898FB494}.Debug|x86.ActiveCfg = Debug|x86
		{8A8238DF-4B57-4C79-936F-C61B898FB494}.Debug|x86.Build.0 = Debug|x86
		{8A8238DF-4B57-4C79-936F-C61B898FB494}.Debug|x86.Deploy.0 = Debug|x86
		{8A8238DF-4B57-4C79-936F-C61B898FB494}.Release|ARM.ActiveCfg = Release|ARM
		{8A8238DF-4B57-4C79-936F-C61B898FB494}.Release|ARM.Build.0 = Release|ARM
		{8A8238DF-4B57-4C79-936F-C61B898FB494}.Release|ARM.Deploy.0 = Release|ARM
		{8A8238DF-4B57-4C79-936F-C61B898FB494}.Release|x64.ActiveCfg = Release|x64
		{8A8238DF-4B57-4C79-936F-C61B898FB494}.Release|x64.Build.0 = Release|x64
		{8A8238DF-4B57-4C79-936F-C61B898FB494}.Release|x64.Deploy.0 = Release|x64
		{8A8238DF-4B57-4C79-936F-C61B898FB494}.Release|x86.ActiveCfg = Release|x86
		{8A8238DF-4B57-4C79-936F-C61B898FB494}.Release|x86.Build.0 = Release|x86
		{8A8238DF-4B57-4C79-936F-C61B898FB494}.Release|x86.Deploy.0 = Release|x86
		{FCADAFEB-5E74-40CB-B75B-022A4A521A67}.Debug|ARM.ActiveCfg = Debug|ARM
		{FCADAFEB-5E74-40CB-B75B-022A4A521A67}.Debug|ARM.Build.0 = Debug|ARM
		{FCADAFEB-5E74-40CB-B75B-022A4A521A67}.Debug|ARM.Deploy.0 = Debug|ARM
		{FCADAFEB-5E74-40CB-B75B-022A4A521A67}.Debug|x64.ActiveCfg = Debug|x64
		{FCADAFEB-5E74-40CB-B75B-022A4A521A67}.Debug|x64.Build.0 = Debug|x64
		{FCADAFEB-5E74-40CB-B75B-022A4A521A67}.Debug|x64.Deploy.0 = Debug|x64
		{FCADAFEB-5E74-40CB-B75B-022A4A521A67}.Debug|x86.ActiveCfg = Debug|x86
		{FCADAFEB-5E74-40CB-B75B-022A4A521A67}.Debug|x86.Build.0 = Debug|x86
		{FCADAFEB-5E74-40CB-B75B-022A4A521A67}.Debug|x86.Deploy.0 = Debug|x86
		{FCADAFEB-5E74-40CB-B75B-022A4A521A67}.Release|ARM.ActiveCfg = Release|ARM
		{FCADAFEB-5E74-40CB-B75B-022A4A521A67}.Release|ARM.Build.0 = Release|ARM
		{FCADAFEB-5E74-40CB-B75B-022A4A521A67}.Release|ARM.Deploy.0 = Release|ARM
		{FCADAFEB-5E74-40CB-B75B-022A4A521A67}.Release|x64.ActiveCfg = Release|x64
		{FCADAFEB-5E74-40CB-B75B-022A4A521A67}.Release|x64.Build.0 = Release|x64
		{FCADAFEB-5E74-40CB-B75B-022A4A521A67}.Release|x64.Deploy.0 = Release|x64
		{FCADAFEB-5E74-40CB-B75B-022A4A521A67}.Release|x86.ActiveCfg = Release|x86
		{FCADAFEB-5E74-40CB-B75B-022A4A521A67}.Release|x86.Build.0 = Release|x86
		{FCADAFEB-5E74-40CB-B75B-022A4A521A67}.Release|x86.Deploy.0 = Release|x86
		{33BC6B4C-25A1-4ECE-8FEA-3104A74D2415}.Debug|ARM.ActiveCfg = Debug|ARM
		{33BC6B4C-25A1-4ECE-8FEA-3104A74D2415}.Debug|ARM.Build.0 = Debug|ARM
		{33BC6B4C-25A1-4ECE-8FEA-3104A74D2415}.Debug|ARM.Deploy.0 = Debug|ARM
		{33BC6B4C-25A1-4ECE-8FEA-3104A74D2415}.Debug|x64.ActiveCfg = Debug|x64
		{33BC6B4C-25A1-4ECE-8FEA-3104A74D2415}.Debug|x64.Build.0 = Debug|x64
		{33BC6B4C-25A1-4ECE-8FEA-3104A74D2415}.Debug|x64.Deploy.0 = Debug|x64
		{33BC6B4C-25A1-4ECE-8FEA-3104A74D2415}.Debug|x86.ActiveCfg = Debug|x86
		{33BC6B4C-25A1-4ECE-8FEA-3104A74D2415}.Debug|x86.Build.0 = Debug|x86
		{33BC6B4C-25A1-4ECE-8FEA-3104A74D2415}.Debug|x86.Deploy.0 = Debug|x86
		{33BC6B4C-25A1-4ECE-8FEA-3104A74D2415}.Release|ARM.ActiveCfg = Release|ARM
		{33BC6B4C-25A1-4ECE-8FEA-3104A74D2415}.Release|ARM.Build.0 = Release|ARM
		{33BC6B4C-25A1-4ECE-8FEA-3104A74D2415}.Release|ARM.Deploy.0 = Release|ARM
		{33BC6B4C-25A1-4ECE-8FEA-3104A74D2415}.Release|x64.ActiveCfg = Release|x64
		{33BC6B4C-25A1-4ECE-8FEA-3104A74D2415}.Release|x64.Build.0 = Release|x64
		{33BC6B4C-25A1-4ECE-8FEA-3104A74D2415}.Release|x64.Deploy.0 = Release|x64
		{33BC6B4C-25A1-4ECE-8FEA-3104A74D2415}.Release|x86.ActiveCfg = Release|x86
		{33BC6B4C-25A1-4ECE-8FEA-3104A74D2415}.Release|x86.Build.0 = Release|x86
		{33BC6B4C-25A1-4ECE-8FEA-3104A74D2415}.Release|x86.Deploy.0 = Release|x86
		{4D3E7088-C010-4BCB-B036-39EAB17E8D39}.Debug|ARM.ActiveCfg = Debug|ARM
		{4D3E7088-C010-4BCB-B036-39EAB17E8D39}.Debug|ARM.Build.0 = Debug|ARM
		{4D3E7088-C010-4BCB-B036-39EAB17E8D39}.Debug|ARM.Deploy.0 = Debug|ARM
		{4D3E7088-C010-4BCB-B036-39EAB17E8D39}.Debug|x64.ActiveCfg = Debug|x64
		{4D3E7088-C010-4BCB-B036-39EAB17E8D39}.Debug|x64.Build.0 = Debug|x64
		{4D3E7088-C010-4BCB-B036-39EAB17E8D39}.Debug|x64.Deploy.0 = Debug|x64
		{4D3E7088-C010-4BCB-B036-39EAB17E8D39}.Debug|x86.ActiveCfg = Debug|x86
		{4D3E7088-C010-4BCB-B036-39EAB17E8D39}.Debug|x86.Build.0 = Debug|x86
		{4D3E7088-C010-4BCB-B036-39EAB17E8D39}.Debug|x86.Deploy.0 = Debug|x86
		{4D3E7088-C010-4BCB-B036-39EAB17E8D39}.Release|ARM.ActiveCfg = Release|ARM
		{4D3E7088-C010-4BCB-B036-39EAB17E8D39}.Release|ARM.Build.0 = Release|ARM
		{4D3E7088-C010-4BCB-B036-39EAB17E8D39}.Release|ARM.Deploy.0 = Release|ARM
		{4D3E7088-C010-4BCB-B036-39EAB17E8D39}.Release|x64.ActiveCfg = Release|x64
		{4D3E7088-C010-4BCB-B036-39EAB17E8D39}.Release|x64.Build.0 = Release|x64
		{4D3E7088-C010-4BCB-B036-39EAB17E8D39}.Release|x64.Deploy.0 = Release|x64
		{4D3E7088-C010-4BCB-B036-39EAB17E8D39}.Release|x86.ActiveCfg = Release|x86
		{4D3E7088-C010-4BCB-B036-39EAB17E8D39}.Release|x86.Build.0 = Release|x86
		{4D3E7088-C010-4BCB-B036-39EAB17E8D39}.Release|x86.Deploy.0 = Release|x86
		{66149265-F6DC-4972-961C-630273735B19}.Debug|ARM.ActiveCfg = Debug|ARM
		{66149265-F6DC-4972-961C-630273735B19}.Debug|ARM.Build.0 = Debug|ARM
		{66149265-F6DC-4972-961C-630273735B19}.Debug|ARM.Deploy.0 = Debug|ARM
		{66149265-F6DC-4972-961C-630273735B19}.Debug|x64.ActiveCfg = Debug|x64
		{66149265-F6DC-4972-961C-630273735B19}.Debug|x64.Build.0 = Debug|x64
		{66149265-F6DC-4972-961C-630273735B19}.Debug|x64.Deploy.0 = Debug|x64
		{66149265-F6DC-4972-961C-630273735B19}.Debug|x86.ActiveCfg = Debug|x86
		{66149265-F6DC-4972-961C-630273735B19}.Debug|x86.Build.0 = Debug|x86
		{66149265-F6DC-4972-961C-630273735B19}.Debug|x86.Deploy.0 = Debug|x86
		{66149265-F6DC-4972-961C-630273735B19}.Release|ARM.ActiveCfg = Release|ARM
		{66149265-F6DC-4972-961C-630273735B19}.Release|ARM.Build.0 = Release|ARM
		{66149265-F6DC-4972-961C-630273735B19}.Release|ARM.Deploy.0 = Release|ARM
		{66149265-F6DC-4972-961C-630273735B19}.Release|x64.ActiveCfg = Release|x64
		{66149265-F6DC-4972-961C-630273735B19}.Release|x64.Build.0 = Release|x64
		{66149265-F6DC-4972-961C-630273735B19}.Release|x64.Deploy.0 = Release|x64
		{66149265-F6DC-4972-961C-630273735B19}.Release|x86.ActiveCfg = Release|x86
		{66149265-F6DC-4972-961C-630273735B19}.Release|x86.Build.0 = Release|x86
		{66149265-F6DC-4972-961C-630273735B19}.Release|x86.Deploy.0 = Release|x86
		{CE3565DA-CCEE-4CEE-9187-BEC4FA2E1A38}.Debug|ARM.ActiveCfg = Debug|ARM
		{CE3565DA-CCEE-4CEE-9187-BEC4FA2E1A38}.Debug|ARM.Build.0 = Debug|ARM
		{CE3565DA-CCEE-4CEE-9187-BEC4FA2E1A38}.Debug|ARM.Deploy.0 = Debug|ARM
		{CE3565DA-CCEE-4CEE-9187-BEC4FA2E1A38}.Debug|x64.ActiveCfg = Debug|x64
		{CE3565DA-CCEE-4CEE-9187-BEC4FA2E1A38}.Debug|x64.Build.0 = Debug|x64
		{CE3565DA-CCEE-4CEE-9187-BEC4FA2E1A38}.Debug|x64.Deploy.0 = Debug|x64
		{CE3565DA-CCEE-4CEE-9187-BEC4FA2E1A38}.Debug|x86.ActiveCfg = Debug|x86
		{CE3565DA-CCEE-4CEE-9187-BEC4FA2E1A38}.Debug|x86.Build.0 = Debug|x86
		{CE3565DA-CCEE-4CEE-9187-BEC4FA2E1A38}.Debug|x86.Deploy.0 = Debug|x86
		{CE3565DA-CCEE-4CEE-9187-BEC4FA2E1A38}.Release|ARM.ActiveCfg = Release|ARM
		{CE3565DA-CCEE-4CEE-9187-BEC4FA2E1A38}.Release|ARM.Build.0 = Release|ARM
		{CE3565DA-CCEE-4CEE-9187-BEC4FA2E1A38}.Release|ARM.Deploy.0 = Release|ARM
		{CE3565DA-CCEE-4CEE-9187-BEC4FA2E1A38}.Release|x64.ActiveCfg = Release|x64
		{CE3565DA-CCEE-4CEE-9187-BEC4FA2E1A38}.Release|x64.Build.0 = Release|x64
		{CE3565DA-CCEE-4CEE-9187-BEC4FA2E1A38}.Release|x64.Deploy.0 = Release|x64
		{CE3565DA-CCEE-4CEE-9187-BEC4FA2E1A38}.Release|x86.ActiveCfg = Release|x86
		{CE3565DA-CCEE-4CEE-9187-BEC4FA2E1A38}.Release|x86.Build.0 = Release|x86
		{CE3565DA-CCEE-4CEE-9187-BEC4FA2E1A38}.Release|x86.Deploy.0 = Release|x86
		{744B4F13-DBC1-4C1C-9A6D-A99D3EE07FFF}.Debug|ARM.ActiveCfg = Debug|ARM
		{744B4F13-DBC1-4C1C-9A6D-A99D3EE07FFF}.Debug|ARM.Build.0 = Debug|ARM
		{744B4F13-DBC1-4C1C-9A6D-A99D3EE07FFF}.Debug|ARM.Deploy.0 = Debug|ARM
		{744B4F13-DBC1-4C1C-9A6D-A99D3EE07FFF}.Debug|x64.ActiveCfg = Debug|x64
		{744B4F13-DBC1-4C1C-9A6D-A99D3EE07FFF}.Debug|x64.Build.0 = Debug|x64
		{744B4F13-DBC1-4C1C-9A6D-A99D3EE07FFF}.Debug|x64.Deploy.0 = Debug|x64
		{744B4F13-DBC1-4C1C-9A6D-A99D3EE07FFF}.Debug|x86.ActiveCfg = Debug|x86
		{744B4F13-DBC1-4C1C-9A6D-A99D3EE07FFF}.Debug|x86.Build.0 = Debug|x86
		{744B4F13-DBC1-4C1C-9A6D-A99D3EE07FFF}.Debug|x86.Deploy.0 = Debug|x86
		{744B4F13-DBC1-4C1C-9A6D-A99D3EE07FFF}.Release|ARM.ActiveCfg = Release|ARM
		{744B4F13-DBC1-4C1C-9A6D-A99D3EE07FFF}.Release|ARM.Build.0 = Release|ARM
		{744B4F13-DBC1-4C1C-9A6D-A99D3EE07FFF}.Release|ARM.Deploy.0 = Release|ARM
		{744B4F13-DBC1-4C1C-9A6D-A99D3EE07FFF}.Release|x64.ActiveCfg = Release|x64
		{744B4F13-DBC1-4C1C-9A6D-A99D3EE07FFF}.Release|x64.Build.0 = Release|x64
		{744B4F13-DBC1-4C1C-9A6D-A99D3EE07FFF}.Release|x64.Deploy.0 = Release|x64
		{744B4F13-DBC1-4C1C-9A6D-A99D3EE07FFF}.Release|x86.ActiveCfg = Release|x86
		{744B4F13-DBC1-4C1C-9A6D-A99D3EE07FFF}.Release|x86.Build.0 = Release|x86
		{744B4F13-DBC1-4C1C-9A6D-A99D3EE07FFF}.Release|x86.Deploy.0 = Release|x86
		{B9BD10E1-80DF-4B2F-AF39-19265D81ECF9}.Debug|ARM.ActiveCfg = Debug|ARM
		{B9BD10E1-80DF-4B2F-AF39-19265D81ECF9}.Debug|ARM.Build.0 = Debug|ARM
		{B9BD10E1-80DF-4B2F-AF39-19265D81ECF9}.Debug|ARM.Deploy.0 = Debug|ARM
		{B9BD10E1-80DF-4B2F-AF39-19265D81ECF9}.Debug|x64.ActiveCfg = Debug|x64
		{B9BD10E1-80DF-4B2F-AF39-19265D81ECF9}.Debug|x64.Build.0 = Debug|x64
		{B9BD10E1-80DF-4B2F-AF39-19265D81ECF9}.Debug|x64.Deploy.0 = Debug|x64
		{B9BD10E1-80DF-4B2F-AF39-19265D81ECF9}.Debug|x86.ActiveCfg = Debug|x86
		{B9BD10E1-80DF-4B2F-AF39-19265D81ECF9}.Debug|x86.Build.0 = Debug|x86
		{B9BD10E1-80DF-4B2F-AF39-19265D81ECF9}.Debug|x86.Deploy.0 = Debug|x86
		{B9BD10E1-80DF-4B2F-AF39-19265D81ECF9}.Release|ARM.ActiveCfg = Release|ARM
		{B9BD10E1-80DF-4B2F-AF39-19265D81ECF9}.Release|ARM.Build.0 = Release|ARM
		{B9BD10E1-80DF-4B2F-AF39-19265D81ECF9}.Release|ARM.Deploy.0 = Release|ARM
		{B9BD10E1-80DF-4B2F-AF39-19265D81ECF9}.Release|x64.ActiveCfg = Release|x64
		{B9BD10E1-80DF-4B2F-AF39-19265D81ECF9}.Release|x64.Build.0 = Release|x64
		{B9BD10E1-80DF-4B2F-AF39-19265D81ECF9}.Release|x64.Deploy.0 = Release|x64
		{B9BD10E1-80DF-4B2F-AF39-19265D81ECF9}.Release|x86.ActiveCfg = Release|x86
		{B9BD10E1-80DF-4B2F-AF39-19265D81ECF9}.Release|x86.Build.0 = Release|x86
		{B9BD10E1-80DF-4B2F-AF39-19265D81ECF9}.Release|x86.Deploy.0 = Release|x86
		{8C412540-386A-4A61-ADB5-6E4AAC918601}.Debug|ARM.ActiveCfg = Debug|ARM
		{8C412540-386A-4A61-ADB5-6E4AAC918601}.Debug|ARM.Build.0 = Debug|ARM
		{8C412540-386A-4A61-ADB5-6E4AAC918601}.Debug|ARM.Deploy.0 = Debug|ARM
		{8C412540-386A-4A61-ADB5-6E4AAC918601}.Debug|x64.ActiveCfg = Debug|x64
		{8C412540-386A-4A61-ADB5-6E4AAC918601}.Debug|x64.Build.0 = Debug|x64
		{8C412540-386A-4A61-ADB5-6E4AAC918601}.Debug|x64.Deploy.0 = Debug|x64
		{8C412540-386A-4A61-ADB5-6E4AAC918601}.Debug|x86.ActiveCfg = Debug|x86
		{8C412540-386A-4A61-ADB5-6E4AAC918601}.Debug|x86.Build.0 = Debug|x86
		{8C412540-386A-4A61-ADB5-6E4AAC918601}.Debug|x86.Deploy.0 = Debug|x86
		{8C412540-386A-4A61-ADB5-6E4AAC918601}.Release|ARM.ActiveCfg = Release|ARM
		{8C412540-386A-4A61-ADB5-6E4AAC918601}.Release|ARM.Build.0 = Release|ARM
		{8C412540-386A-4A61-ADB5-6E4AAC918601}.Release|ARM.Deploy.0 = Release|ARM
		{8C412540-386A-4A61-ADB5-6E4AAC918601}.Release|x64.ActiveCfg = Release|x64
		{8C412540-386A-4A61-ADB5-6E4AAC918601}.Release|x64.Build.0 = Release|x64
		{8C412540-386A-4A61-ADB5-6E4AAC918601}.Release|x64.Deploy.0 = Release|x64
		{8C412540-386A-4A61-ADB5-6E4AAC918601}.Release|x86.ActiveCfg = Release|x86
		{8C412540-386A-4A61-ADB5-6E4AAC918601}.Release|x86.Build.0 = Release|x86
		{8C412540-386A-4A61-ADB5-6E4AAC918601}.Release|x86.Deploy.0 = Release|x86
		{FE6357FD-0244-4A27-AAED-04D346E26329}.Debug|ARM.ActiveCfg = Debug|ARM
		{FE6357FD-0244-4A27-AAED-04D346E26329}.Debug|ARM.Build.0 = Debug|ARM
		{FE6357FD-0244-4A27-AAED-04D346E26329}.Debug|ARM.Deploy.0 = Debug|ARM
		{FE6357FD-0244-4A27-AAED-04D346E26329}.Debug|x64.ActiveCfg = Debug|x64
		{FE6357FD-0244-4A27-AAED-04D346E26329}.Debug|x64.Build.0 = Debug|x64
		{FE6357FD-0244-4A27-AAED-04D346E26329}.Debug|x64.Deploy.0 = Debug|x64
		{FE6357FD-0244-4A27-AAED-04D346E26329}.Debug|x86.ActiveCfg = Debug|x86
		{FE6357FD-0244-4A27-AAED-04D346E26329}.Debug|x86.Build.0 = Debug|x86
		{FE6357FD-0244-4A27-AAED-04D346E26329}.Debug|x86.Deploy.0 = Debug|x86
		{FE6357FD-0244-4A27-AAED-04D346E26329}.Release|ARM.ActiveCfg = Release|ARM
		{FE6357FD-0244-4A27-AAED-04D346E26329}.Release|ARM.Build.0 = Release|ARM
		{FE6357FD-0244-4A27-AAED-04D346E26329}.Release|ARM.Deploy.0 = Release|ARM
		{FE6357FD-0244-4A27-AAED-04D346E26329}.Release|x64.ActiveCfg = Release|x64
		{FE6357FD-0244-4A27-AAED-04D346E26329}.Release|x64.Build.0 = Release|x64
		{FE6357FD-0244-4A27-AAED-04D346E26329}.Release|x64.Deploy.0 = Release|x64
		{FE6357FD-0244-4A27-AAED-04D346E26329}.Release|x86.ActiveCfg = Release|x86
		{FE6357FD-0244-4A27-AAED-04D346E26329}.Release|x86.Build.0 = Release|x86
		{FE6357FD-0244-4A27-AAED-04D346E26329}.Release|x86.Deploy.0 = Release|x86
		{C6DEDDF0-0BA2-404C-BF50-84823832C6AA}.Debug|ARM.ActiveCfg = Debug|ARM
		{C6DEDDF0-0BA2-404C-BF50-84823832C6AA}.Debug|ARM.Build.0 = Debug|ARM
		{C6DEDDF0-0BA2-404C-BF50-84823832C6AA}.Debug|ARM.Deploy.0 = Debug|ARM
		{C6DEDDF0-0BA2-404C-BF50-84823832C6AA}.Debug|x64.ActiveCfg = Debug|x64
		{C6DEDDF0-0BA2-404C-BF50-84823832C6AA}.Debug|x64.Build.0 = Debug|x64
		{C6DEDDF0-0BA2-404C-BF50-84823832C6AA}.Debug|x64.Deploy.0 = Debug|x64
		{C6DEDDF0-0BA2-404C-BF50-84823832C6AA}.Debug|x86.ActiveCfg = Debug|x86
		{C6DEDDF0-0BA2-404C-BF50-84823832C6AA}.Debug|x86.Build.0 = Debug|x86
		{C6DEDDF0-0BA2-404C-BF50-84823832C6AA}.Debug|x86.Deploy.0 = Debug|x86
		{C6DEDDF0-0BA2-404C-BF50-84823832C6AA}.Release|ARM.ActiveCfg = Release|ARM
		{C6DEDDF0-0BA2-404C-BF50-84823832C6AA}.Release|ARM.Build.0 = Release|ARM
		{C6DEDDF0-0BA2-404C-BF50-84823832C6AA}.Release|ARM.Deploy.0 = Release|ARM
		{C6DEDDF0-0BA2-404C-BF50-84823832C6AA}.Release|x64.ActiveCfg = Release|x64
		{C6DEDDF0-0BA2-404C-BF50-84823832C6AA}.Release|x64.Build.0 = Release|x64
		{C6DEDDF0-0BA2-404C-BF50-84823832C6AA}.Release|x64.Deploy.0 = Release|x64
		{C6DEDDF0-0BA2-404C-BF50-84823832C6AA}.Release|x86.ActiveCfg = Release|x86
		{C6DEDDF0-0BA2-404C-BF50-84823832C6AA}.Release|x86.Build.0 = Release|x86
		{C6DEDDF0-0BA2-404C-BF50-84823832C6AA}.Release|x86.Deploy.0 = Release|x86
		{29928381-4294-4721-9D0D-014460BBE9E2}.Debug|ARM.ActiveCfg = Debug|ARM
		{29928381-4294-4721-9D0D-014460BBE9E2}.Debug|ARM.Build.0 = Debug|ARM
		{29928381-4294-4721-9D0D-014460BBE9E2}.Debug|ARM.Deploy.0 = Debug|ARM
		{29928381-4294-4721-9D0D-014460BBE9E2}.Debug|x64.ActiveCfg = Debug|x64
		{29928381-4294-4721-9D0D-014460BBE9E2}.Debug|x64.Build.0 = Debug|x64
		{29928381-4294-4721-9D0D-014460BBE9E2}.Debug|x64.Deploy.0 = Debug|x64
		{29928381-4294-4721-9D0D-014460BBE9E2}.Debug|x86.ActiveCfg = Debug|x86
		{29928381-4294-4721-9D0D-014460BBE9E2}.Debug|x86.Build.0 = Debug|x86
		{29928381-4294-4721-9D0D-014460BBE9E2}.Debug|x86.Deploy.0 = Debug|x86
		{29928381-4294-4721-9D0D-014460BBE9E2}.Release|ARM.ActiveCfg = Release|ARM
		{29928381-4294-4721-9D0D-014460BBE9E2}.Release|ARM.Build.0 = Release|ARM
		{29928381-4294-4721-9D0D-014460BBE9E2}.Release|ARM.Deploy.0 = Release|ARM
		{29928381-4294-4721-9D0D-014460BBE9E2}.Release|x64.ActiveCfg = Release|x64
		{29928381-4294-4721-9D0D-014460BBE9E2}.Release|x64.Build.0 = Release|x64
		{29928381-4294-4721-9D0D-014460BBE9E2}.Release|x64.Deploy.0 = Release|x64
		{29928381-4294-4721-9D0D-014460BBE9E2}.Release|x86.ActiveCfg = Release|x86
		{29928381-4294-4721-9D0D-014460BBE9E2}.Release|x86.Build.0 = Release|x86
		{29928381-4294-4721-9D0D-014460BBE9E2}.Release|x86.Deploy.0 = Release|x86
		{B99D1F57-845B-4A2A-827F-669E0490BE9B}.Debug|ARM.ActiveCfg = Debug|ARM
		{B99D1F57-845B-4A2A-827F-669E0490BE9B}.Debug|ARM.Build.0 = Debug|ARM
		{B99D1F57-845B-4A2A-827F-669E0490BE9B}.Debug|ARM.Deploy.0 = Debug|ARM
		{B99D1F57-845B-4A2A-827F-669E0490BE9B}.Debug|x64.ActiveCfg = Debug|x64
		{B99D1F57-845B-4A2A-827F-669E0490BE9B}.Debug|x64.Build.0 = Debug|x64
		{B99D1F57-845B-4A2A-827F-669E0490BE9B}.Debug|x64.Deploy.0 = Debug|x64
		{B99D1F57-845B-4A2A-827F-669E0490BE9B}.Debug|x86.ActiveCfg = Debug|x86
		{B99D1F57-845B-4A2A-827F-669E0490BE9B}.Debug|x86.Build.0 = Debug|x86
		{B99D1F57-845B-4A2A-827F-669E0490BE9B}.Debug|x86.Deploy.0 = Debug|x86
		{B99D1F57-845B-4A2A-827F-669E0490BE9B}.Release|ARM.ActiveCfg = Release|ARM
		{B99D1F57-845B-4A2A-827F-669E0490BE9B}.Release|ARM.Build.0 = Release|ARM
		{B99D1F57-845B-4A2A-827F-669E0490BE9B}.Release|ARM.Deploy.0 = Release|ARM
		{B99D1F57-845B-4A2A-827F-669E0490BE9B}.Release|x64.ActiveCfg = Release|x64
		{B99D1F57-845B-4A2A-827F-669E0490BE9B}.Release|x64.Build.0 = Release|x64
		{B99D1F57-845B-4A2A-827F-669E0490BE9B}.Release|x64.Deploy.0 = Release|x64
		{B99D1F57-845B-4A2A-827F-669E0490BE9B}.Release|x86.ActiveCfg = Release|x86
		{B99D1F57-845B-4A2A-827F-669E0490BE9B}.Release|x86.Build.0 = Release|x86
		{B99D1F57-845B-4A2A-827F-669E0490BE9B}.Release|x86.Deploy.0 = Release|x86
	EndGlobalSection
	GlobalSection(SolutionProperties) = preSolution
		HideSolutionNode = FALSE
	EndGlobalSection
	GlobalSection(NestedProjects) = preSolution
		{2981C74E-207F-4B5E-A7FC-C1C6F310E1CD} = {7142F61C-8790-4143-9BA0-A93CD92387FA}
		{17BF30E1-DC2E-4D6A-923C-755E106EE3F5} = {AA1A22F0-1897-4EEC-BAC4-A1DEAF4CC413}
		{730B8B8A-B19D-4330-BBC2-4893C9411ADF} = {B9509AFD-3D85-40E9-94D0-82544FBB105A}
		{88FF3366-DCBA-4B89-B660-5C8A3599ACCD} = {B9509AFD-3D85-40E9-94D0-82544FBB105A}
		{75102F43-8EBD-4854-934B-1733969189DC} = {B9509AFD-3D85-40E9-94D0-82544FBB105A}
		{8489E820-3B02-4357-BCC1-EFC81F3D6C19} = {B9509AFD-3D85-40E9-94D0-82544FBB105A}
		{C1AC7943-9E49-4D48-BC76-B8DD1F1FC38C} = {B9509AFD-3D85-40E9-94D0-82544FBB105A}
		{335EB425-4CA9-4D27-80B8-A0FC1A5E6628} = {B9509AFD-3D85-40E9-94D0-82544FBB105A}
		{06EF2B16-5D70-4753-BA56-C658A4514052} = {B9509AFD-3D85-40E9-94D0-82544FBB105A}
		{2DED32FA-9777-438E-AA88-F4202F6C7ED3} = {B9509AFD-3D85-40E9-94D0-82544FBB105A}
		{17BD21BA-B3A6-4B26-BB09-407352A374CA} = {B9509AFD-3D85-40E9-94D0-82544FBB105A}
		{379ECBAF-96D7-4719-8160-2F506EE27AAE} = {B9509AFD-3D85-40E9-94D0-82544FBB105A}
		{102111AE-73D0-4BD3-AF6B-84063B8C89A1} = {B9509AFD-3D85-40E9-94D0-82544FBB105A}
		{920085AF-0E5B-4BEC-8257-15E6708EB2FA} = {B9509AFD-3D85-40E9-94D0-82544FBB105A}
		{8A8238DF-4B57-4C79-936F-C61B898FB494} = {B9509AFD-3D85-40E9-94D0-82544FBB105A}
		{FCADAFEB-5E74-40CB-B75B-022A4A521A67} = {B9509AFD-3D85-40E9-94D0-82544FBB105A}
		{33BC6B4C-25A1-4ECE-8FEA-3104A74D2415} = {B9509AFD-3D85-40E9-94D0-82544FBB105A}
		{4D3E7088-C010-4BCB-B036-39EAB17E8D39} = {B9509AFD-3D85-40E9-94D0-82544FBB105A}
		{66149265-F6DC-4972-961C-630273735B19} = {B9509AFD-3D85-40E9-94D0-82544FBB105A}
		{CE3565DA-CCEE-4CEE-9187-BEC4FA2E1A38} = {B9509AFD-3D85-40E9-94D0-82544FBB105A}
		{744B4F13-DBC1-4C1C-9A6D-A99D3EE07FFF} = {B9509AFD-3D85-40E9-94D0-82544FBB105A}
		{B9BD10E1-80DF-4B2F-AF39-19265D81ECF9} = {B9509AFD-3D85-40E9-94D0-82544FBB105A}
		{8C412540-386A-4A61-ADB5-6E4AAC918601} = {F3300A03-92A9-4BB0-A67E-717B2CB231F6}
		{FE6357FD-0244-4A27-AAED-04D346E26329} = {F3300A03-92A9-4BB0-A67E-717B2CB231F6}
		{C6DEDDF0-0BA2-404C-BF50-84823832C6AA} = {F3300A03-92A9-4BB0-A67E-717B2CB231F6}
		{29928381-4294-4721-9D0D-014460BBE9E2} = {F3300A03-92A9-4BB0-A67E-717B2CB231F6}
		{B99D1F57-845B-4A2A-827F-669E0490BE9B} = {F3300A03-92A9-4BB0-A67E-717B2CB231F6}
	EndGlobalSection
	GlobalSection(ExtensibilityGlobals) = postSolution
		SolutionGuid = {A3E4FE8C-F595-4651-AB26-1DA6236192FC}
	EndGlobalSection
EndGlobal
